
Microsoft Visual Studio Solution File, Format Version 12.00
# Visual Studio 2013
VisualStudioVersion = 12.0.30723.0
MinimumVisualStudioVersion = 10.0.40219.1
Project("{8BC9CEB8-8B4A-11D0-8D11-00A0C91BC942}") = "Injection", "Injection\Injection.vcxproj", "{46651709-BCBF-4645-8CE6-11EBA347A529}"
EndProject
Project("{FAE04EC0-301F-11D3-BF4B-00C04F79EFBC}") = "SimpleROHookCS", "SimpleROHookCS\SimpleROHookCS.csproj", "{DD2A9D1E-449E-4F85-B3CA-934212878CEA}"
EndProject
Global
	GlobalSection(SolutionConfigurationPlatforms) = preSolution
		Release-bRO|Mixed Platforms = Release-bRO|Mixed Platforms
		Release-bRO|Win32 = Release-bRO|Win32
		Release-bRO|x86 = Release-bRO|x86
		Release-iRO|Mixed Platforms = Release-iRO|Mixed Platforms
		Release-iRO|Win32 = Release-iRO|Win32
		Release-iRO|x86 = Release-iRO|x86
		Release-jRO|Mixed Platforms = Release-jRO|Mixed Platforms
		Release-jRO|Win32 = Release-jRO|Win32
		Release-jRO|x86 = Release-jRO|x86
	EndGlobalSection
	GlobalSection(ProjectConfigurationPlatforms) = postSolution
		{46651709-BCBF-4645-8CE6-11EBA347A529}.Release-bRO|Mixed Platforms.ActiveCfg = Release-bRO|Win32
		{46651709-BCBF-4645-8CE6-11EBA347A529}.Release-bRO|Mixed Platforms.Build.0 = Release-bRO|Win32
		{46651709-BCBF-4645-8CE6-11EBA347A529}.Release-bRO|Win32.ActiveCfg = Release-bRO|Win32
		{46651709-BCBF-4645-8CE6-11EBA347A529}.Release-bRO|Win32.Build.0 = Release-bRO|Win32
		{46651709-BCBF-4645-8CE6-11EBA347A529}.Release-bRO|x86.ActiveCfg = Release-bRO|Win32
		{46651709-BCBF-4645-8CE6-11EBA347A529}.Release-bRO|x86.Build.0 = Release-bRO|Win32
		{46651709-BCBF-4645-8CE6-11EBA347A529}.Release-iRO|Mixed Platforms.ActiveCfg = Release-iRO|Win32
		{46651709-BCBF-4645-8CE6-11EBA347A529}.Release-iRO|Mixed Platforms.Build.0 = Release-iRO|Win32
		{46651709-BCBF-4645-8CE6-11EBA347A529}.Release-iRO|Win32.ActiveCfg = Release-iRO|Win32
		{46651709-BCBF-4645-8CE6-11EBA347A529}.Release-iRO|Win32.Build.0 = Release-iRO|Win32
		{46651709-BCBF-4645-8CE6-11EBA347A529}.Release-iRO|x86.ActiveCfg = Release-iRO|Win32
		{46651709-BCBF-4645-8CE6-11EBA347A529}.Release-iRO|x86.Build.0 = Release-iRO|Win32
		{46651709-BCBF-4645-8CE6-11EBA347A529}.Release-jRO|Mixed Platforms.ActiveCfg = Release-jRO|Win32
		{46651709-BCBF-4645-8CE6-11EBA347A529}.Release-jRO|Mixed Platforms.Build.0 = Release-jRO|Win32
		{46651709-BCBF-4645-8CE6-11EBA347A529}.Release-jRO|Win32.ActiveCfg = Release-jRO|Win32
		{46651709-BCBF-4645-8CE6-11EBA347A529}.Release-jRO|Win32.Build.0 = Release-jRO|Win32
		{46651709-BCBF-4645-8CE6-11EBA347A529}.Release-jRO|x86.ActiveCfg = Release-jRO|Win32
		{46651709-BCBF-4645-8CE6-11EBA347A529}.Release-jRO|x86.Build.0 = Release-jRO|Win32
		{DD2A9D1E-449E-4F85-B3CA-934212878CEA}.Release-bRO|Mixed Platforms.ActiveCfg = Release-bRO|x86
		{DD2A9D1E-449E-4F85-B3CA-934212878CEA}.Release-bRO|Mixed Platforms.Build.0 = Release-bRO|x86
		{DD2A9D1E-449E-4F85-B3CA-934212878CEA}.Release-bRO|Win32.ActiveCfg = Release-jRO|x86
		{DD2A9D1E-449E-4F85-B3CA-934212878CEA}.Release-bRO|Win32.Build.0 = Release-jRO|x86
		{DD2A9D1E-449E-4F85-B3CA-934212878CEA}.Release-bRO|x86.ActiveCfg = Release-jRO|x86
		{DD2A9D1E-449E-4F85-B3CA-934212878CEA}.Release-bRO|x86.Build.0 = Release-jRO|x86
		{DD2A9D1E-449E-4F85-B3CA-934212878CEA}.Release-iRO|Mixed Platforms.ActiveCfg = Release-iRO|x86
		{DD2A9D1E-449E-4F85-B3CA-934212878CEA}.Release-iRO|Mixed Platforms.Build.0 = Release-iRO|x86
		{DD2A9D1E-449E-4F85-B3CA-934212878CEA}.Release-iRO|Win32.ActiveCfg = Release-iRO|x86
		{DD2A9D1E-449E-4F85-B3CA-934212878CEA}.Release-iRO|Win32.Build.0 = Release-iRO|x86
		{DD2A9D1E-449E-4F85-B3CA-934212878CEA}.Release-iRO|x86.ActiveCfg = Release-iRO|x86
		{DD2A9D1E-449E-4F85-B3CA-934212878CEA}.Release-iRO|x86.Build.0 = Release-iRO|x86
		{DD2A9D1E-449E-4F85-B3CA-934212878CEA}.Release-jRO|Mixed Platforms.ActiveCfg = Release-jRO|x86
		{DD2A9D1E-449E-4F85-B3CA-934212878CEA}.Release-jRO|Mixed Platforms.Build.0 = Release-jRO|x86
		{DD2A9D1E-449E-4F85-B3CA-934212878CEA}.Release-jRO|Win32.ActiveCfg = Release-jRO|x86
		{DD2A9D1E-449E-4F85-B3CA-934212878CEA}.Release-jRO|Win32.Build.0 = Release-jRO|x86
		{DD2A9D1E-449E-4F85-B3CA-934212878CEA}.Release-jRO|x86.ActiveCfg = Release-jRO|x86
		{DD2A9D1E-449E-4F85-B3CA-934212878CEA}.Release-jRO|x86.Build.0 = Release-jRO|x86
	EndGlobalSection
	GlobalSection(SolutionProperties) = preSolution
		HideSolutionNode = FALSE
	EndGlobalSection
EndGlobal
