
Microsoft Visual Studio Solution File, Format Version 12.00
# Visual Studio 2013
VisualStudioVersion = 12.0.21005.1
MinimumVisualStudioVersion = 10.0.40219.1
Project("{8BC9CEB8-8B4A-11D0-8D11-00A0C91BC942}") = "Injection", "Injection\Injection.vcxproj", "{46651709-BCBF-4645-8CE6-11EBA347A529}"
EndProject
Project("{FAE04EC0-301F-11D3-BF4B-00C04F79EFBC}") = "SimpleROHookCS", "SimpleROHookCS\SimpleROHookCS.csproj", "{DD2A9D1E-449E-4F85-B3CA-934212878CEA}"
EndProject
Global
	GlobalSection(SolutionConfigurationPlatforms) = preSolution
		Debug|Mixed Platforms = Debug|Mixed Platforms
		Debug|Win32 = Debug|Win32
		Debug|x86 = Debug|x86
		Debug-jRO|Mixed Platforms = Debug-jRO|Mixed Platforms
		Debug-jRO|Win32 = Debug-jRO|Win32
		Debug-jRO|x86 = Debug-jRO|x86
		Release|Mixed Platforms = Release|Mixed Platforms
		Release|Win32 = Release|Win32
		Release|x86 = Release|x86
		Release-jRO|Mixed Platforms = Release-jRO|Mixed Platforms
		Release-jRO|Win32 = Release-jRO|Win32
		Release-jRO|x86 = Release-jRO|x86
	EndGlobalSection
	GlobalSection(ProjectConfigurationPlatforms) = postSolution
		{46651709-BCBF-4645-8CE6-11EBA347A529}.Debug|Mixed Platforms.ActiveCfg = Debug|Win32
		{46651709-BCBF-4645-8CE6-11EBA347A529}.Debug|Mixed Platforms.Build.0 = Debug|Win32
		{46651709-BCBF-4645-8CE6-11EBA347A529}.Debug|Win32.ActiveCfg = Debug|Win32
		{46651709-BCBF-4645-8CE6-11EBA347A529}.Debug|Win32.Build.0 = Debug|Win32
		{46651709-BCBF-4645-8CE6-11EBA347A529}.Debug|x86.ActiveCfg = Debug|Win32
		{46651709-BCBF-4645-8CE6-11EBA347A529}.Debug-jRO|Mixed Platforms.ActiveCfg = Debug-jRO|Win32
		{46651709-BCBF-4645-8CE6-11EBA347A529}.Debug-jRO|Mixed Platforms.Build.0 = Debug-jRO|Win32
		{46651709-BCBF-4645-8CE6-11EBA347A529}.Debug-jRO|Win32.ActiveCfg = Debug-jRO|Win32
		{46651709-BCBF-4645-8CE6-11EBA347A529}.Debug-jRO|Win32.Build.0 = Debug-jRO|Win32
		{46651709-BCBF-4645-8CE6-11EBA347A529}.Debug-jRO|x86.ActiveCfg = Debug-jRO|Win32
		{46651709-BCBF-4645-8CE6-11EBA347A529}.Debug-jRO|x86.Build.0 = Debug-jRO|Win32
		{46651709-BCBF-4645-8CE6-11EBA347A529}.Release|Mixed Platforms.ActiveCfg = Release|Win32
		{46651709-BCBF-4645-8CE6-11EBA347A529}.Release|Mixed Platforms.Build.0 = Release|Win32
		{46651709-BCBF-4645-8CE6-11EBA347A529}.Release|Win32.ActiveCfg = Release|Win32
		{46651709-BCBF-4645-8CE6-11EBA347A529}.Release|Win32.Build.0 = Release|Win32
		{46651709-BCBF-4645-8CE6-11EBA347A529}.Release|x86.ActiveCfg = Release|Win32
		{46651709-BCBF-4645-8CE6-11EBA347A529}.Release-jRO|Mixed Platforms.ActiveCfg = Release-jRO|Win32
		{46651709-BCBF-4645-8CE6-11EBA347A529}.Release-jRO|Mixed Platforms.Build.0 = Release-jRO|Win32
		{46651709-BCBF-4645-8CE6-11EBA347A529}.Release-jRO|Win32.ActiveCfg = Release-jRO|Win32
		{46651709-BCBF-4645-8CE6-11EBA347A529}.Release-jRO|Win32.Build.0 = Release-jRO|Win32
		{46651709-BCBF-4645-8CE6-11EBA347A529}.Release-jRO|x86.ActiveCfg = Release-jRO|Win32
		{46651709-BCBF-4645-8CE6-11EBA347A529}.Release-jRO|x86.Build.0 = Release-jRO|Win32
		{DD2A9D1E-449E-4F85-B3CA-934212878CEA}.Debug|Mixed Platforms.ActiveCfg = Debug|x86
		{DD2A9D1E-449E-4F85-B3CA-934212878CEA}.Debug|Mixed Platforms.Build.0 = Debug|x86
		{DD2A9D1E-449E-4F85-B3CA-934212878CEA}.Debug|Win32.ActiveCfg = Debug|x86
		{DD2A9D1E-449E-4F85-B3CA-934212878CEA}.Debug|x86.ActiveCfg = Debug|x86
		{DD2A9D1E-449E-4F85-B3CA-934212878CEA}.Debug|x86.Build.0 = Debug|x86
		{DD2A9D1E-449E-4F85-B3CA-934212878CEA}.Debug-jRO|Mixed Platforms.ActiveCfg = Debug-jRO|x86
		{DD2A9D1E-449E-4F85-B3CA-934212878CEA}.Debug-jRO|Mixed Platforms.Build.0 = Debug-jRO|x86
		{DD2A9D1E-449E-4F85-B3CA-934212878CEA}.Debug-jRO|Win32.ActiveCfg = Debug-jRO|x86
		{DD2A9D1E-449E-4F85-B3CA-934212878CEA}.Debug-jRO|Win32.Build.0 = Debug-jRO|x86
		{DD2A9D1E-449E-4F85-B3CA-934212878CEA}.Debug-jRO|x86.ActiveCfg = Debug-jRO|x86
		{DD2A9D1E-449E-4F85-B3CA-934212878CEA}.Debug-jRO|x86.Build.0 = Debug-jRO|x86
		{DD2A9D1E-449E-4F85-B3CA-934212878CEA}.Release|Mixed Platforms.ActiveCfg = Release|x86
		{DD2A9D1E-449E-4F85-B3CA-934212878CEA}.Release|Mixed Platforms.Build.0 = Release|x86
		{DD2A9D1E-449E-4F85-B3CA-934212878CEA}.Release|Win32.ActiveCfg = Release|x86
		{DD2A9D1E-449E-4F85-B3CA-934212878CEA}.Release|x86.ActiveCfg = Release|x86
		{DD2A9D1E-449E-4F85-B3CA-934212878CEA}.Release|x86.Build.0 = Release|x86
		{DD2A9D1E-449E-4F85-B3CA-934212878CEA}.Release-jRO|Mixed Platforms.ActiveCfg = Release-jRO|x86
		{DD2A9D1E-449E-4F85-B3CA-934212878CEA}.Release-jRO|Mixed Platforms.Build.0 = Release-jRO|x86
		{DD2A9D1E-449E-4F85-B3CA-934212878CEA}.Release-jRO|Win32.ActiveCfg = Release-jRO|x86
		{DD2A9D1E-449E-4F85-B3CA-934212878CEA}.Release-jRO|Win32.Build.0 = Release-jRO|x86
		{DD2A9D1E-449E-4F85-B3CA-934212878CEA}.Release-jRO|x86.ActiveCfg = Release-jRO|x86
		{DD2A9D1E-449E-4F85-B3CA-934212878CEA}.Release-jRO|x86.Build.0 = Release-jRO|x86
	EndGlobalSection
	GlobalSection(SolutionProperties) = preSolution
		HideSolutionNode = FALSE
	EndGlobalSection
EndGlobal
